{
  "requires": true,
  "lockfileVersion": 1,
  "dependencies": {
    "angularx-social-login": {
      "version": "3.0.1",
      "resolved": "https://registry.npmjs.org/angularx-social-login/-/angularx-social-login-3.0.1.tgz",
      "integrity": "sha512-ScDyGVbpiI1jxYc9ziTEMya6fmWOmPcMSjxMgWuXno/jUy/306WTuviUMbx/uHsdram7WWxYNvshwgTxshC1iA==",
      "requires": {
        "tslib": "^1.10.0"
      }
    },
    "tslib": {
      "version": "1.13.0",
      "resolved": "https://registry.npmjs.org/tslib/-/tslib-1.13.0.tgz",
      "integrity": "sha512-i/6DQjL8Xf3be4K/E6Wgpekn5Qasl1usyw++dAA35Ue5orEn65VIxOA+YvNNl9HV3qv70T7CNwjODHZrLwvd1Q=="
    }
  }
}
